
Microsoft Visual Studio Solution File, Format Version 12.00
# Visual Studio Version 17
VisualStudioVersion = 17.7.34221.43
MinimumVisualStudioVersion = 10.0.40219.1
Project("{FAE04EC0-301F-11D3-BF4B-00C04F79EFBC}") = "EF_AcademyDB", "EF_AcademyDB\EF_AcademyDB.csproj", "{4A7CAA4C-DAD6-4340-A251-598963F552E4}"
EndProject
Global
	GlobalSection(SolutionConfigurationPlatforms) = preSolution
		Debug|Any CPU = Debug|Any CPU
		Release|Any CPU = Release|Any CPU
	EndGlobalSection
	GlobalSection(ProjectConfigurationPlatforms) = postSolution
		{4A7CAA4C-DAD6-4340-A251-598963F552E4}.Debug|Any CPU.ActiveCfg = Debug|Any CPU
		{4A7CAA4C-DAD6-4340-A251-598963F552E4}.Debug|Any CPU.Build.0 = Debug|Any CPU
		{4A7CAA4C-DAD6-4340-A251-598963F552E4}.Release|Any CPU.ActiveCfg = Release|Any CPU
		{4A7CAA4C-DAD6-4340-A251-598963F552E4}.Release|Any CPU.Build.0 = Release|Any CPU
	EndGlobalSection
	GlobalSection(SolutionProperties) = preSolution
		HideSolutionNode = FALSE
	EndGlobalSection
	GlobalSection(ExtensibilityGlobals) = postSolution
		SolutionGuid = {7DF35CE8-35BC-4775-ACF8-E5D08BB50832}
	EndGlobalSection
EndGlobal
